
Microsoft Visual Studio Solution File, Format Version 12.00
# Visual Studio 15
VisualStudioVersion = 15.0.28307.136
MinimumVisualStudioVersion = 10.0.40219.1
Project("{8BC9CEB8-8B4A-11D0-8D11-00A0C91BC942}") = "MinimalInject", "MinimalInject\MinimalInject.vcxproj", "{D7F9FBA5-04E1-479D-9B34-3483E8675B02}"
EndProject
Project("{8BC9CEB8-8B4A-11D0-8D11-00A0C91BC942}") = "SimpleHook", "SimpleHook\SimpleHook.vcxproj", "{A3069EAB-8381-40B1-9E67-65EE2CD69AF9}"
EndProject
Project("{8BC9CEB8-8B4A-11D0-8D11-00A0C91BC942}") = "HookENFAL", "HookENFAL\HookENFAL.vcxproj", "{2B588096-0282-4E4E-85C2-44420B67B2AD}"
EndProject
Project("{8BC9CEB8-8B4A-11D0-8D11-00A0C91BC942}") = "OnlyCreateFile", "OnlyCreateFile\OnlyCreateFile.vcxproj", "{A1ED2E8D-ED8E-4085-9502-478142709F17}"
EndProject
Project("{8BC9CEB8-8B4A-11D0-8D11-00A0C91BC942}") = "LogLibrary", "LogLibrary\LogLibrary.vcxproj", "{72D34DBD-6FC1-4EC6-9280-25A5E7FBFADB}"
EndProject
Global
	GlobalSection(SolutionConfigurationPlatforms) = preSolution
		Debug|x64 = Debug|x64
		Debug|x86 = Debug|x86
		Release|x64 = Release|x64
		Release|x86 = Release|x86
	EndGlobalSection
	GlobalSection(ProjectConfigurationPlatforms) = postSolution
		{D7F9FBA5-04E1-479D-9B34-3483E8675B02}.Debug|x64.ActiveCfg = Debug|x64
		{D7F9FBA5-04E1-479D-9B34-3483E8675B02}.Debug|x64.Build.0 = Debug|x64
		{D7F9FBA5-04E1-479D-9B34-3483E8675B02}.Debug|x86.ActiveCfg = Debug|Win32
		{D7F9FBA5-04E1-479D-9B34-3483E8675B02}.Debug|x86.Build.0 = Debug|Win32
		{D7F9FBA5-04E1-479D-9B34-3483E8675B02}.Release|x64.ActiveCfg = Release|x64
		{D7F9FBA5-04E1-479D-9B34-3483E8675B02}.Release|x64.Build.0 = Release|x64
		{D7F9FBA5-04E1-479D-9B34-3483E8675B02}.Release|x86.ActiveCfg = Release|Win32
		{D7F9FBA5-04E1-479D-9B34-3483E8675B02}.Release|x86.Build.0 = Release|Win32
		{A3069EAB-8381-40B1-9E67-65EE2CD69AF9}.Debug|x64.ActiveCfg = Debug|x64
		{A3069EAB-8381-40B1-9E67-65EE2CD69AF9}.Debug|x64.Build.0 = Debug|x64
		{A3069EAB-8381-40B1-9E67-65EE2CD69AF9}.Debug|x86.ActiveCfg = Debug|Win32
		{A3069EAB-8381-40B1-9E67-65EE2CD69AF9}.Debug|x86.Build.0 = Debug|Win32
		{A3069EAB-8381-40B1-9E67-65EE2CD69AF9}.Release|x64.ActiveCfg = Release|x64
		{A3069EAB-8381-40B1-9E67-65EE2CD69AF9}.Release|x64.Build.0 = Release|x64
		{A3069EAB-8381-40B1-9E67-65EE2CD69AF9}.Release|x86.ActiveCfg = Release|Win32
		{A3069EAB-8381-40B1-9E67-65EE2CD69AF9}.Release|x86.Build.0 = Release|Win32
		{2B588096-0282-4E4E-85C2-44420B67B2AD}.Debug|x64.ActiveCfg = Debug|x64
		{2B588096-0282-4E4E-85C2-44420B67B2AD}.Debug|x64.Build.0 = Debug|x64
		{2B588096-0282-4E4E-85C2-44420B67B2AD}.Debug|x86.ActiveCfg = Debug|Win32
		{2B588096-0282-4E4E-85C2-44420B67B2AD}.Debug|x86.Build.0 = Debug|Win32
		{2B588096-0282-4E4E-85C2-44420B67B2AD}.Release|x64.ActiveCfg = Release|x64
		{2B588096-0282-4E4E-85C2-44420B67B2AD}.Release|x64.Build.0 = Release|x64
		{2B588096-0282-4E4E-85C2-44420B67B2AD}.Release|x86.ActiveCfg = Release|Win32
		{2B588096-0282-4E4E-85C2-44420B67B2AD}.Release|x86.Build.0 = Release|Win32
		{A1ED2E8D-ED8E-4085-9502-478142709F17}.Debug|x64.ActiveCfg = Debug|x64
		{A1ED2E8D-ED8E-4085-9502-478142709F17}.Debug|x64.Build.0 = Debug|x64
		{A1ED2E8D-ED8E-4085-9502-478142709F17}.Debug|x86.ActiveCfg = Debug|Win32
		{A1ED2E8D-ED8E-4085-9502-478142709F17}.Debug|x86.Build.0 = Debug|Win32
		{A1ED2E8D-ED8E-4085-9502-478142709F17}.Release|x64.ActiveCfg = Release|x64
		{A1ED2E8D-ED8E-4085-9502-478142709F17}.Release|x64.Build.0 = Release|x64
		{A1ED2E8D-ED8E-4085-9502-478142709F17}.Release|x86.ActiveCfg = Release|Win32
		{A1ED2E8D-ED8E-4085-9502-478142709F17}.Release|x86.Build.0 = Release|Win32
		{72D34DBD-6FC1-4EC6-9280-25A5E7FBFADB}.Debug|x64.ActiveCfg = Debug|x64
		{72D34DBD-6FC1-4EC6-9280-25A5E7FBFADB}.Debug|x64.Build.0 = Debug|x64
		{72D34DBD-6FC1-4EC6-9280-25A5E7FBFADB}.Debug|x86.ActiveCfg = Debug|Win32
		{72D34DBD-6FC1-4EC6-9280-25A5E7FBFADB}.Debug|x86.Build.0 = Debug|Win32
		{72D34DBD-6FC1-4EC6-9280-25A5E7FBFADB}.Release|x64.ActiveCfg = Release|x64
		{72D34DBD-6FC1-4EC6-9280-25A5E7FBFADB}.Release|x64.Build.0 = Release|x64
		{72D34DBD-6FC1-4EC6-9280-25A5E7FBFADB}.Release|x86.ActiveCfg = Release|Win32
		{72D34DBD-6FC1-4EC6-9280-25A5E7FBFADB}.Release|x86.Build.0 = Release|Win32
	EndGlobalSection
	GlobalSection(SolutionProperties) = preSolution
		HideSolutionNode = FALSE
	EndGlobalSection
	GlobalSection(ExtensibilityGlobals) = postSolution
		SolutionGuid = {3FF504A3-08CA-44FC-AA2E-ACB488AA3E34}
	EndGlobalSection
EndGlobal
